
Microsoft Visual Studio Solution File, Format Version 12.00
# Visual Studio Version 17
VisualStudioVersion = 17.0.31808.319
MinimumVisualStudioVersion = 10.0.40219.1
Project("{FAE04EC0-301F-11D3-BF4B-00C04F79EFBC}") = "AppCenterAzureProxy", "AppCenterAzureProxy\AppCenterAzureProxy.csproj", "{1284191E-3E07-4CCD-86FD-69F5AE424039}"
EndProject
Global
	GlobalSection(SolutionConfigurationPlatforms) = preSolution
		Debug|Any CPU = Debug|Any CPU
		Release|Any CPU = Release|Any CPU
	EndGlobalSection
	GlobalSection(ProjectConfigurationPlatforms) = postSolution
		{1284191E-3E07-4CCD-86FD-69F5AE424039}.Debug|Any CPU.ActiveCfg = Debug|Any CPU
		{1284191E-3E07-4CCD-86FD-69F5AE424039}.Debug|Any CPU.Build.0 = Debug|Any CPU
		{1284191E-3E07-4CCD-86FD-69F5AE424039}.Debug|Any CPU.Deploy.0 = Debug|Any CPU
		{1284191E-3E07-4CCD-86FD-69F5AE424039}.Release|Any CPU.ActiveCfg = Release|Any CPU
		{1284191E-3E07-4CCD-86FD-69F5AE424039}.Release|Any CPU.Build.0 = Release|Any CPU
		{1284191E-3E07-4CCD-86FD-69F5AE424039}.Release|Any CPU.Deploy.0 = Release|Any CPU
	EndGlobalSection
	GlobalSection(SolutionProperties) = preSolution
		HideSolutionNode = FALSE
	EndGlobalSection
	GlobalSection(ExtensibilityGlobals) = postSolution
		SolutionGuid = {45EAFFCB-4BB8-42A6-903F-8C313F144E59}
	EndGlobalSection
EndGlobal
